
Microsoft Visual Studio Solution File, Format Version 12.00
# Visual Studio Version 17
VisualStudioVersion = 17.9.34723.18
MinimumVisualStudioVersion = 10.0.40219.1
Project("{FAE04EC0-301F-11D3-BF4B-00C04F79EFBC}") = "Atv09", "Atv09\Atv09.csproj", "{824513D9-E225-4AA4-B70A-E3B96CC78293}"
EndProject
Global
	GlobalSection(SolutionConfigurationPlatforms) = preSolution
		Debug|Any CPU = Debug|Any CPU
		Release|Any CPU = Release|Any CPU
	EndGlobalSection
	GlobalSection(ProjectConfigurationPlatforms) = postSolution
		{824513D9-E225-4AA4-B70A-E3B96CC78293}.Debug|Any CPU.ActiveCfg = Debug|Any CPU
		{824513D9-E225-4AA4-B70A-E3B96CC78293}.Debug|Any CPU.Build.0 = Debug|Any CPU
		{824513D9-E225-4AA4-B70A-E3B96CC78293}.Release|Any CPU.ActiveCfg = Release|Any CPU
		{824513D9-E225-4AA4-B70A-E3B96CC78293}.Release|Any CPU.Build.0 = Release|Any CPU
	EndGlobalSection
	GlobalSection(SolutionProperties) = preSolution
		HideSolutionNode = FALSE
	EndGlobalSection
	GlobalSection(ExtensibilityGlobals) = postSolution
		SolutionGuid = {CAF69EAC-63CB-415A-963E-C124DE06266D}
	EndGlobalSection
EndGlobal
