
Microsoft Visual Studio Solution File, Format Version 12.00
# Visual Studio Version 17
VisualStudioVersion = 17.9.34723.18
MinimumVisualStudioVersion = 10.0.40219.1
Project("{FAE04EC0-301F-11D3-BF4B-00C04F79EFBC}") = "Atv. 12", "Atv. 12\Atv. 12.csproj", "{5CE5A5C4-4A38-4DF1-A987-B09FB84708A1}"
EndProject
Project("{9A19103F-16F7-4668-BE54-9A1E7A4F7556}") = "IfElse", "..\..\IntroduçãoC#\IfElse\IfElse\IfElse.csproj", "{0C2F3C29-3E22-43E9-BC28-AFDDA7D55057}"
EndProject
Global
	GlobalSection(SolutionConfigurationPlatforms) = preSolution
		Debug|Any CPU = Debug|Any CPU
		Release|Any CPU = Release|Any CPU
	EndGlobalSection
	GlobalSection(ProjectConfigurationPlatforms) = postSolution
		{5CE5A5C4-4A38-4DF1-A987-B09FB84708A1}.Debug|Any CPU.ActiveCfg = Debug|Any CPU
		{5CE5A5C4-4A38-4DF1-A987-B09FB84708A1}.Debug|Any CPU.Build.0 = Debug|Any CPU
		{5CE5A5C4-4A38-4DF1-A987-B09FB84708A1}.Release|Any CPU.ActiveCfg = Release|Any CPU
		{5CE5A5C4-4A38-4DF1-A987-B09FB84708A1}.Release|Any CPU.Build.0 = Release|Any CPU
		{0C2F3C29-3E22-43E9-BC28-AFDDA7D55057}.Debug|Any CPU.ActiveCfg = Debug|Any CPU
		{0C2F3C29-3E22-43E9-BC28-AFDDA7D55057}.Debug|Any CPU.Build.0 = Debug|Any CPU
		{0C2F3C29-3E22-43E9-BC28-AFDDA7D55057}.Release|Any CPU.ActiveCfg = Release|Any CPU
		{0C2F3C29-3E22-43E9-BC28-AFDDA7D55057}.Release|Any CPU.Build.0 = Release|Any CPU
	EndGlobalSection
	GlobalSection(SolutionProperties) = preSolution
		HideSolutionNode = FALSE
	EndGlobalSection
	GlobalSection(ExtensibilityGlobals) = postSolution
		SolutionGuid = {CF7A431F-1921-4BDB-8864-41634322838C}
	EndGlobalSection
EndGlobal
