
Microsoft Visual Studio Solution File, Format Version 12.00
# Visual Studio Version 17
VisualStudioVersion = 17.9.34723.18
MinimumVisualStudioVersion = 10.0.40219.1
Project("{FAE04EC0-301F-11D3-BF4B-00C04F79EFBC}") = "Atv. 11", "Atv. 11\Atv. 11.csproj", "{78357C91-40F8-4806-BAAF-688550607162}"
EndProject
Project("{9A19103F-16F7-4668-BE54-9A1E7A4F7556}") = "12 - TryCatch", "..\..\IntroduçãoC#\12 - TryCatch\12 - TryCatch\12 - TryCatch.csproj", "{194BF275-DD98-44F8-934E-BC4F482D0987}"
EndProject
Global
	GlobalSection(SolutionConfigurationPlatforms) = preSolution
		Debug|Any CPU = Debug|Any CPU
		Release|Any CPU = Release|Any CPU
	EndGlobalSection
	GlobalSection(ProjectConfigurationPlatforms) = postSolution
		{78357C91-40F8-4806-BAAF-688550607162}.Debug|Any CPU.ActiveCfg = Debug|Any CPU
		{78357C91-40F8-4806-BAAF-688550607162}.Debug|Any CPU.Build.0 = Debug|Any CPU
		{78357C91-40F8-4806-BAAF-688550607162}.Release|Any CPU.ActiveCfg = Release|Any CPU
		{78357C91-40F8-4806-BAAF-688550607162}.Release|Any CPU.Build.0 = Release|Any CPU
		{194BF275-DD98-44F8-934E-BC4F482D0987}.Debug|Any CPU.ActiveCfg = Debug|Any CPU
		{194BF275-DD98-44F8-934E-BC4F482D0987}.Debug|Any CPU.Build.0 = Debug|Any CPU
		{194BF275-DD98-44F8-934E-BC4F482D0987}.Release|Any CPU.ActiveCfg = Release|Any CPU
		{194BF275-DD98-44F8-934E-BC4F482D0987}.Release|Any CPU.Build.0 = Release|Any CPU
	EndGlobalSection
	GlobalSection(SolutionProperties) = preSolution
		HideSolutionNode = FALSE
	EndGlobalSection
	GlobalSection(ExtensibilityGlobals) = postSolution
		SolutionGuid = {C60AAFD1-F292-4150-8DCD-A84A1DC32156}
	EndGlobalSection
EndGlobal
