
Microsoft Visual Studio Solution File, Format Version 12.00
# Visual Studio Version 17
VisualStudioVersion = 17.9.34723.18
MinimumVisualStudioVersion = 10.0.40219.1
Project("{FAE04EC0-301F-11D3-BF4B-00C04F79EFBC}") = "Atv. 7", "Atv. 7\Atv. 7.csproj", "{71195B47-C3BE-4AD3-B04D-7677B2D0E5F5}"
EndProject
Project("{9A19103F-16F7-4668-BE54-9A1E7A4F7556}") = "Soma", "..\..\IntroduçãoC#\Soma\Soma\Soma.csproj", "{9507A265-6537-47AD-B95A-653193A84673}"
EndProject
Global
	GlobalSection(SolutionConfigurationPlatforms) = preSolution
		Debug|Any CPU = Debug|Any CPU
		Release|Any CPU = Release|Any CPU
	EndGlobalSection
	GlobalSection(ProjectConfigurationPlatforms) = postSolution
		{71195B47-C3BE-4AD3-B04D-7677B2D0E5F5}.Debug|Any CPU.ActiveCfg = Debug|Any CPU
		{71195B47-C3BE-4AD3-B04D-7677B2D0E5F5}.Debug|Any CPU.Build.0 = Debug|Any CPU
		{71195B47-C3BE-4AD3-B04D-7677B2D0E5F5}.Release|Any CPU.ActiveCfg = Release|Any CPU
		{71195B47-C3BE-4AD3-B04D-7677B2D0E5F5}.Release|Any CPU.Build.0 = Release|Any CPU
		{9507A265-6537-47AD-B95A-653193A84673}.Debug|Any CPU.ActiveCfg = Debug|Any CPU
		{9507A265-6537-47AD-B95A-653193A84673}.Debug|Any CPU.Build.0 = Debug|Any CPU
		{9507A265-6537-47AD-B95A-653193A84673}.Release|Any CPU.ActiveCfg = Release|Any CPU
		{9507A265-6537-47AD-B95A-653193A84673}.Release|Any CPU.Build.0 = Release|Any CPU
	EndGlobalSection
	GlobalSection(SolutionProperties) = preSolution
		HideSolutionNode = FALSE
	EndGlobalSection
	GlobalSection(ExtensibilityGlobals) = postSolution
		SolutionGuid = {8E23766D-C607-4EFE-BF43-B287C2852110}
	EndGlobalSection
EndGlobal
